// !$*UTF8*$!
{
	archiveVersion = 1;
	classes = {
	};
	objectVersion = 56;
	objects = {

/* Begin PBXBuildFile section */
		70A94DEA2C5E67D900AD06F1 /* AppDelegate.swift in Sources */ = {isa = PBXBuildFile; fileRef = 70A94DE92C5E67D900AD06F1 /* AppDelegate.swift */; };
		70A94DEC2C5E67D900AD06F1 /* SceneDelegate.swift in Sources */ = {isa = PBXBuildFile; fileRef = 70A94DEB2C5E67D900AD06F1 /* SceneDelegate.swift */; };
		70A94DF32C5E67DA00AD06F1 /* Assets.xcassets in Resources */ = {isa = PBXBuildFile; fileRef = 70A94DF22C5E67DA00AD06F1 /* Assets.xcassets */; };
		70A94DF62C5E67DA00AD06F1 /* Base in Resources */ = {isa = PBXBuildFile; fileRef = 70A94DF52C5E67DA00AD06F1 /* Base */; };
		70A94E012C5E67DA00AD06F1 /* SimpsonsQuotesTests.swift in Sources */ = {isa = PBXBuildFile; fileRef = 70A94E002C5E67DA00AD06F1 /* SimpsonsQuotesTests.swift */; };
		70A94E0B2C5E67DA00AD06F1 /* SimpsonsQuotesUITests.swift in Sources */ = {isa = PBXBuildFile; fileRef = 70A94E0A2C5E67DA00AD06F1 /* SimpsonsQuotesUITests.swift */; };
		70A94E0D2C5E67DA00AD06F1 /* SimpsonsQuotesUITestsLaunchTests.swift in Sources */ = {isa = PBXBuildFile; fileRef = 70A94E0C2C5E67DA00AD06F1 /* SimpsonsQuotesUITestsLaunchTests.swift */; };
/* End PBXBuildFile section */

/* Begin PBXContainerItemProxy section */
		70A94DFD2C5E67DA00AD06F1 /* PBXContainerItemProxy */ = {
			isa = PBXContainerItemProxy;
			containerPortal = 70A94DDE2C5E67D900AD06F1 /* Project object */;
			proxyType = 1;
			remoteGlobalIDString = 70A94DE52C5E67D900AD06F1;
			remoteInfo = SimpsonsQuotes;
		};
		70A94E072C5E67DA00AD06F1 /* PBXContainerItemProxy */ = {
			isa = PBXContainerItemProxy;
			containerPortal = 70A94DDE2C5E67D900AD06F1 /* Project object */;
			proxyType = 1;
			remoteGlobalIDString = 70A94DE52C5E67D900AD06F1;
			remoteInfo = SimpsonsQuotes;
		};
/* End PBXContainerItemProxy section */

/* Begin PBXFileReference section */
		70A94DE62C5E67D900AD06F1 /* SimpsonsQuotes.app */ = {isa = PBXFileReference; explicitFileType = wrapper.application; includeInIndex = 0; path = SimpsonsQuotes.app; sourceTree = BUILT_PRODUCTS_DIR; };
		70A94DE92C5E67D900AD06F1 /* AppDelegate.swift */ = {isa = PBXFileReference; lastKnownFileType = sourcecode.swift; path = AppDelegate.swift; sourceTree = "<group>"; };
		70A94DEB2C5E67D900AD06F1 /* SceneDelegate.swift */ = {isa = PBXFileReference; lastKnownFileType = sourcecode.swift; path = SceneDelegate.swift; sourceTree = "<group>"; };
		70A94DF22C5E67DA00AD06F1 /* Assets.xcassets */ = {isa = PBXFileReference; lastKnownFileType = folder.assetcatalog; path = Assets.xcassets; sourceTree = "<group>"; };
		70A94DF52C5E67DA00AD06F1 /* Base */ = {isa = PBXFileReference; lastKnownFileType = file.storyboard; name = Base; path = Base.lproj/LaunchScreen.storyboard; sourceTree = "<group>"; };
		70A94DFC2C5E67DA00AD06F1 /* SimpsonsQuotesTests.xctest */ = {isa = PBXFileReference; explicitFileType = wrapper.cfbundle; includeInIndex = 0; path = SimpsonsQuotesTests.xctest; sourceTree = BUILT_PRODUCTS_DIR; };
		70A94E002C5E67DA00AD06F1 /* SimpsonsQuotesTests.swift */ = {isa = PBXFileReference; lastKnownFileType = sourcecode.swift; path = SimpsonsQuotesTests.swift; sourceTree = "<group>"; };
		70A94E062C5E67DA00AD06F1 /* SimpsonsQuotesUITests.xctest */ = {isa = PBXFileReference; explicitFileType = wrapper.cfbundle; includeInIndex = 0; path = SimpsonsQuotesUITests.xctest; sourceTree = BUILT_PRODUCTS_DIR; };
		70A94E0A2C5E67DA00AD06F1 /* SimpsonsQuotesUITests.swift */ = {isa = PBXFileReference; lastKnownFileType = sourcecode.swift; path = SimpsonsQuotesUITests.swift; sourceTree = "<group>"; };
		70A94E0C2C5E67DA00AD06F1 /* SimpsonsQuotesUITestsLaunchTests.swift */ = {isa = PBXFileReference; lastKnownFileType = sourcecode.swift; path = SimpsonsQuotesUITestsLaunchTests.swift; sourceTree = "<group>"; };
/* End PBXFileReference section */

/* Begin PBXFrameworksBuildPhase section */
		70A94DE32C5E67D900AD06F1 /* Frameworks */ = {
			isa = PBXFrameworksBuildPhase;
			buildActionMask = 2147483647;
			files = (
			);
			runOnlyForDeploymentPostprocessing = 0;
		};
		70A94DF92C5E67DA00AD06F1 /* Frameworks */ = {
			isa = PBXFrameworksBuildPhase;
			buildActionMask = 2147483647;
			files = (
			);
			runOnlyForDeploymentPostprocessing = 0;
		};
		70A94E032C5E67DA00AD06F1 /* Frameworks */ = {
			isa = PBXFrameworksBuildPhase;
			buildActionMask = 2147483647;
			files = (
			);
			runOnlyForDeploymentPostprocessing = 0;
		};
/* End PBXFrameworksBuildPhase section */

/* Begin PBXGroup section */
		70A94DDD2C5E67D900AD06F1 = {
			isa = PBXGroup;
			children = (
				70A94DE82C5E67D900AD06F1 /* SimpsonsQuotes */,
				70A94DFF2C5E67DA00AD06F1 /* SimpsonsQuotesTests */,
				70A94E092C5E67DA00AD06F1 /* SimpsonsQuotesUITests */,
				70A94DE72C5E67D900AD06F1 /* Products */,
			);
			sourceTree = "<group>";
		};
		70A94DE72C5E67D900AD06F1 /* Products */ = {
			isa = PBXGroup;
			children = (
				70A94DE62C5E67D900AD06F1 /* SimpsonsQuotes.app */,
				70A94DFC2C5E67DA00AD06F1 /* SimpsonsQuotesTests.xctest */,
				70A94E062C5E67DA00AD06F1 /* SimpsonsQuotesUITests.xctest */,
			);
			name = Products;
			sourceTree = "<group>";
		};
		70A94DE82C5E67D900AD06F1 /* SimpsonsQuotes */ = {
			isa = PBXGroup;
			children = (
				70A94DE92C5E67D900AD06F1 /* AppDelegate.swift */,
				70A94DEB2C5E67D900AD06F1 /* SceneDelegate.swift */,
				70A94DF22C5E67DA00AD06F1 /* Assets.xcassets */,
				70A94DF42C5E67DA00AD06F1 /* LaunchScreen.storyboard */,
			);
			path = SimpsonsQuotes;
			sourceTree = "<group>";
		};
		70A94DFF2C5E67DA00AD06F1 /* SimpsonsQuotesTests */ = {
			isa = PBXGroup;
			children = (
				70A94E002C5E67DA00AD06F1 /* SimpsonsQuotesTests.swift */,
			);
			path = SimpsonsQuotesTests;
			sourceTree = "<group>";
		};
		70A94E092C5E67DA00AD06F1 /* SimpsonsQuotesUITests */ = {
			isa = PBXGroup;
			children = (
				70A94E0A2C5E67DA00AD06F1 /* SimpsonsQuotesUITests.swift */,
				70A94E0C2C5E67DA00AD06F1 /* SimpsonsQuotesUITestsLaunchTests.swift */,
			);
			path = SimpsonsQuotesUITests;
			sourceTree = "<group>";
		};
/* End PBXGroup section */

/* Begin PBXNativeTarget section */
		70A94DE52C5E67D900AD06F1 /* SimpsonsQuotes */ = {
			isa = PBXNativeTarget;
			buildConfigurationList = 70A94E102C5E67DA00AD06F1 /* Build configuration list for PBXNativeTarget "SimpsonsQuotes" */;
			buildPhases = (
				70A94DE22C5E67D900AD06F1 /* Sources */,
				70A94DE32C5E67D900AD06F1 /* Frameworks */,
				70A94DE42C5E67D900AD06F1 /* Resources */,
			);
			buildRules = (
			);
			dependencies = (
			);
			name = SimpsonsQuotes;
			productName = SimpsonsQuotes;
			productReference = 70A94DE62C5E67D900AD06F1 /* SimpsonsQuotes.app */;
			productType = "com.apple.product-type.application";
		};
		70A94DFB2C5E67DA00AD06F1 /* SimpsonsQuotesTests */ = {
			isa = PBXNativeTarget;
			buildConfigurationList = 70A94E132C5E67DA00AD06F1 /* Build configuration list for PBXNativeTarget "SimpsonsQuotesTests" */;
			buildPhases = (
				70A94DF82C5E67DA00AD06F1 /* Sources */,
				70A94DF92C5E67DA00AD06F1 /* Frameworks */,
				70A94DFA2C5E67DA00AD06F1 /* Resources */,
			);
			buildRules = (
			);
			dependencies = (
				70A94DFE2C5E67DA00AD06F1 /* PBXTargetDependency */,
			);
			name = SimpsonsQuotesTests;
			productName = SimpsonsQuotesTests;
			productReference = 70A94DFC2C5E67DA00AD06F1 /* SimpsonsQuotesTests.xctest */;
			productType = "com.apple.product-type.bundle.unit-test";
		};
		70A94E052C5E67DA00AD06F1 /* SimpsonsQuotesUITests */ = {
			isa = PBXNativeTarget;
			buildConfigurationList = 70A94E162C5E67DA00AD06F1 /* Build configuration list for PBXNativeTarget "SimpsonsQuotesUITests" */;
			buildPhases = (
				70A94E022C5E67DA00AD06F1 /* Sources */,
				70A94E032C5E67DA00AD06F1 /* Frameworks */,
				70A94E042C5E67DA00AD06F1 /* Resources */,
			);
			buildRules = (
			);
			dependencies = (
				70A94E082C5E67DA00AD06F1 /* PBXTargetDependency */,
			);
			name = SimpsonsQuotesUITests;
			productName = SimpsonsQuotesUITests;
			productReference = 70A94E062C5E67DA00AD06F1 /* SimpsonsQuotesUITests.xctest */;
			productType = "com.apple.product-type.bundle.ui-testing";
		};
/* End PBXNativeTarget section */

/* Begin PBXProject section */
		70A94DDE2C5E67D900AD06F1 /* Project object */ = {
			isa = PBXProject;
			attributes = {
				BuildIndependentTargetsInParallel = 1;
				LastSwiftUpdateCheck = 1540;
				LastUpgradeCheck = 1540;
				TargetAttributes = {
					70A94DE52C5E67D900AD06F1 = {
						CreatedOnToolsVersion = 15.4;
					};
					70A94DFB2C5E67DA00AD06F1 = {
						CreatedOnToolsVersion = 15.4;
						TestTargetID = 70A94DE52C5E67D900AD06F1;
					};
					70A94E052C5E67DA00AD06F1 = {
						CreatedOnToolsVersion = 15.4;
						TestTargetID = 70A94DE52C5E67D900AD06F1;
					};
				};
			};
			buildConfigurationList = 70A94DE12C5E67D900AD06F1 /* Build configuration list for PBXProject "SimpsonsQuotes" */;
			compatibilityVersion = "Xcode 14.0";
			developmentRegion = en;
			hasScannedForEncodings = 0;
			knownRegions = (
				en,
				Base,
			);
			mainGroup = 70A94DDD2C5E67D900AD06F1;
			productRefGroup = 70A94DE72C5E67D900AD06F1 /* Products */;
			projectDirPath = "";
			projectRoot = "";
			targets = (
				70A94DE52C5E67D900AD06F1 /* SimpsonsQuotes */,
				70A94DFB2C5E67DA00AD06F1 /* SimpsonsQuotesTests */,
				70A94E052C5E67DA00AD06F1 /* SimpsonsQuotesUITests */,
			);
		};
/* End PBXProject section */

/* Begin PBXResourcesBuildPhase section */
		70A94DE42C5E67D900AD06F1 /* Resources */ = {
			isa = PBXResourcesBuildPhase;
			buildActionMask = 2147483647;
			files = (
				70A94DF32C5E67DA00AD06F1 /* Assets.xcassets in Resources */,
				70A94DF62C5E67DA00AD06F1 /* Base in Resources */,
			);
			runOnlyForDeploymentPostprocessing = 0;
		};
		70A94DFA2C5E67DA00AD06F1 /* Resources */ = {
			isa = PBXResourcesBuildPhase;
			buildActionMask = 2147483647;
			files = (
			);
			runOnlyForDeploymentPostprocessing = 0;
		};
		70A94E042C5E67DA00AD06F1 /* Resources */ = {
			isa = PBXResourcesBuildPhase;
			buildActionMask = 2147483647;
			files = (
			);
			runOnlyForDeploymentPostprocessing = 0;
		};
/* End PBXResourcesBuildPhase section */

/* Begin PBXSourcesBuildPhase section */
		70A94DE22C5E67D900AD06F1 /* Sources */ = {
			isa = PBXSourcesBuildPhase;
			buildActionMask = 2147483647;
			files = (
				70A94DEA2C5E67D900AD06F1 /* AppDelegate.swift in Sources */,
				70A94DEC2C5E67D900AD06F1 /* SceneDelegate.swift in Sources */,
			);
			runOnlyForDeploymentPostprocessing = 0;
		};
		70A94DF82C5E67DA00AD06F1 /* Sources */ = {
			isa = PBXSourcesBuildPhase;
			buildActionMask = 2147483647;
			files = (
				70A94E012C5E67DA00AD06F1 /* SimpsonsQuotesTests.swift in Sources */,
			);
			runOnlyForDeploymentPostprocessing = 0;
		};
		70A94E022C5E67DA00AD06F1 /* Sources */ = {
			isa = PBXSourcesBuildPhase;
			buildActionMask = 2147483647;
			files = (
				70A94E0B2C5E67DA00AD06F1 /* SimpsonsQuotesUITests.swift in Sources */,
				70A94E0D2C5E67DA00AD06F1 /* SimpsonsQuotesUITestsLaunchTests.swift in Sources */,
			);
			runOnlyForDeploymentPostprocessing = 0;
		};
/* End PBXSourcesBuildPhase section */

/* Begin PBXTargetDependency section */
		70A94DFE2C5E67DA00AD06F1 /* PBXTargetDependency */ = {
			isa = PBXTargetDependency;
			target = 70A94DE52C5E67D900AD06F1 /* SimpsonsQuotes */;
			targetProxy = 70A94DFD2C5E67DA00AD06F1 /* PBXContainerItemProxy */;
		};
		70A94E082C5E67DA00AD06F1 /* PBXTargetDependency */ = {
			isa = PBXTargetDependency;
			target = 70A94DE52C5E67D900AD06F1 /* SimpsonsQuotes */;
			targetProxy = 70A94E072C5E67DA00AD06F1 /* PBXContainerItemProxy */;
		};
/* End PBXTargetDependency section */

/* Begin PBXVariantGroup section */
		70A94DF42C5E67DA00AD06F1 /* LaunchScreen.storyboard */ = {
			isa = PBXVariantGroup;
			children = (
				70A94DF52C5E67DA00AD06F1 /* Base */,
			);
			name = LaunchScreen.storyboard;
			sourceTree = "<group>";
		};
/* End PBXVariantGroup section */

/* Begin XCBuildConfiguration section */
		70A94E0E2C5E67DA00AD06F1 /* Debug */ = {
			isa = XCBuildConfiguration;
			buildSettings = {
				ALWAYS_SEARCH_USER_PATHS = NO;
				ASSETCATALOG_COMPILER_GENERATE_SWIFT_ASSET_SYMBOL_EXTENSIONS = YES;
				CLANG_ANALYZER_NONNULL = YES;
				CLANG_ANALYZER_NUMBER_OBJECT_CONVERSION = YES_AGGRESSIVE;
				CLANG_CXX_LANGUAGE_STANDARD = "gnu++20";
				CLANG_ENABLE_MODULES = YES;
				CLANG_ENABLE_OBJC_ARC = YES;
				CLANG_ENABLE_OBJC_WEAK = YES;
				CLANG_WARN_BLOCK_CAPTURE_AUTORELEASING = YES;
				CLANG_WARN_BOOL_CONVERSION = YES;
				CLANG_WARN_COMMA = YES;
				CLANG_WARN_CONSTANT_CONVERSION = YES;
				CLANG_WARN_DEPRECATED_OBJC_IMPLEMENTATIONS = YES;
				CLANG_WARN_DIRECT_OBJC_ISA_USAGE = YES_ERROR;
				CLANG_WARN_DOCUMENTATION_COMMENTS = YES;
				CLANG_WARN_EMPTY_BODY = YES;
				CLANG_WARN_ENUM_CONVERSION = YES;
				CLANG_WARN_INFINITE_RECURSION = YES;
				CLANG_WARN_INT_CONVERSION = YES;
				CLANG_WARN_NON_LITERAL_NULL_CONVERSION = YES;
				CLANG_WARN_OBJC_IMPLICIT_RETAIN_SELF = YES;
				CLANG_WARN_OBJC_LITERAL_CONVERSION = YES;
				CLANG_WARN_OBJC_ROOT_CLASS = YES_ERROR;
				CLANG_WARN_QUOTED_INCLUDE_IN_FRAMEWORK_HEADER = YES;
				CLANG_WARN_RANGE_LOOP_ANALYSIS = YES;
				CLANG_WARN_STRICT_PROTOTYPES = YES;
				CLANG_WARN_SUSPICIOUS_MOVE = YES;
				CLANG_WARN_UNGUARDED_AVAILABILITY = YES_AGGRESSIVE;
				CLANG_WARN_UNREACHABLE_CODE = YES;
				CLANG_WARN__DUPLICATE_METHOD_MATCH = YES;
				COPY_PHASE_STRIP = NO;
				DEBUG_INFORMATION_FORMAT = dwarf;
				ENABLE_STRICT_OBJC_MSGSEND = YES;
				ENABLE_TESTABILITY = YES;
				ENABLE_USER_SCRIPT_SANDBOXING = YES;
				GCC_C_LANGUAGE_STANDARD = gnu17;
				GCC_DYNAMIC_NO_PIC = NO;
				GCC_NO_COMMON_BLOCKS = YES;
				GCC_OPTIMIZATION_LEVEL = 0;
				GCC_PREPROCESSOR_DEFINITIONS = (
					"DEBUG=1",
					"$(inherited)",
				);
				GCC_WARN_64_TO_32_BIT_CONVERSION = YES;
				GCC_WARN_ABOUT_RETURN_TYPE = YES_ERROR;
				GCC_WARN_UNDECLARED_SELECTOR = YES;
				GCC_WARN_UNINITIALIZED_AUTOS = YES_AGGRESSIVE;
				GCC_WARN_UNUSED_FUNCTION = YES;
				GCC_WARN_UNUSED_VARIABLE = YES;
				IPHONEOS_DEPLOYMENT_TARGET = 17.5;
				LOCALIZATION_PREFERS_STRING_CATALOGS = YES;
				MTL_ENABLE_DEBUG_INFO = INCLUDE_SOURCE;
				MTL_FAST_MATH = YES;
				ONLY_ACTIVE_ARCH = YES;
				SDKROOT = iphoneos;
				SWIFT_ACTIVE_COMPILATION_CONDITIONS = "DEBUG $(inherited)";
				SWIFT_OPTIMIZATION_LEVEL = "-Onone";
			};
			name = Debug;
		};
		70A94E0F2C5E67DA00AD06F1 /* Release */ = {
			isa = XCBuildConfiguration;
			buildSettings = {
				ALWAYS_SEARCH_USER_PATHS = NO;
				ASSETCATALOG_COMPILER_GENERATE_SWIFT_ASSET_SYMBOL_EXTENSIONS = YES;
				CLANG_ANALYZER_NONNULL = YES;
				CLANG_ANALYZER_NUMBER_OBJECT_CONVERSION = YES_AGGRESSIVE;
				CLANG_CXX_LANGUAGE_STANDARD = "gnu++20";
				CLANG_ENABLE_MODULES = YES;
				CLANG_ENABLE_OBJC_ARC = YES;
				CLANG_ENABLE_OBJC_WEAK = YES;
				CLANG_WARN_BLOCK_CAPTURE_AUTORELEASING = YES;
				CLANG_WARN_BOOL_CONVERSION = YES;
				CLANG_WARN_COMMA = YES;
				CLANG_WARN_CONSTANT_CONVERSION = YES;
				CLANG_WARN_DEPRECATED_OBJC_IMPLEMENTATIONS = YES;
				CLANG_WARN_DIRECT_OBJC_ISA_USAGE = YES_ERROR;
				CLANG_WARN_DOCUMENTATION_COMMENTS = YES;
				CLANG_WARN_EMPTY_BODY = YES;
				CLANG_WARN_ENUM_CONVERSION = YES;
				CLANG_WARN_INFINITE_RECURSION = YES;
				CLANG_WARN_INT_CONVERSION = YES;
				CLANG_WARN_NON_LITERAL_NULL_CONVERSION = YES;
				CLANG_WARN_OBJC_IMPLICIT_RETAIN_SELF = YES;
				CLANG_WARN_OBJC_LITERAL_CONVERSION = YES;
				CLANG_WARN_OBJC_ROOT_CLASS = YES_ERROR;
				CLANG_WARN_QUOTED_INCLUDE_IN_FRAMEWORK_HEADER = YES;
				CLANG_WARN_RANGE_LOOP_ANALYSIS = YES;
				CLANG_WARN_STRICT_PROTOTYPES = YES;
				CLANG_WARN_SUSPICIOUS_MOVE = YES;
				CLANG_WARN_UNGUARDED_AVAILABILITY = YES_AGGRESSIVE;
				CLANG_WARN_UNREACHABLE_CODE = YES;
				CLANG_WARN__DUPLICATE_METHOD_MATCH = YES;
				COPY_PHASE_STRIP = NO;
				DEBUG_INFORMATION_FORMAT = "dwarf-with-dsym";
				ENABLE_NS_ASSERTIONS = NO;
				ENABLE_STRICT_OBJC_MSGSEND = YES;
				ENABLE_USER_SCRIPT_SANDBOXING = YES;
				GCC_C_LANGUAGE_STANDARD = gnu17;
				GCC_NO_COMMON_BLOCKS = YES;
				GCC_WARN_64_TO_32_BIT_CONVERSION = YES;
				GCC_WARN_ABOUT_RETURN_TYPE = YES_ERROR;
				GCC_WARN_UNDECLARED_SELECTOR = YES;
				GCC_WARN_UNINITIALIZED_AUTOS = YES_AGGRESSIVE;
				GCC_WARN_UNUSED_FUNCTION = YES;
				GCC_WARN_UNUSED_VARIABLE = YES;
				IPHONEOS_DEPLOYMENT_TARGET = 17.5;
				LOCALIZATION_PREFERS_STRING_CATALOGS = YES;
				MTL_ENABLE_DEBUG_INFO = NO;
				MTL_FAST_MATH = YES;
				SDKROOT = iphoneos;
				SWIFT_COMPILATION_MODE = wholemodule;
				VALIDATE_PRODUCT = YES;
			};
			name = Release;
		};
		70A94E112C5E67DA00AD06F1 /* Debug */ = {
			isa = XCBuildConfiguration;
			buildSettings = {
				ASSETCATALOG_COMPILER_APPICON_NAME = AppIcon;
				ASSETCATALOG_COMPILER_GLOBAL_ACCENT_COLOR_NAME = AccentColor;
				CODE_SIGN_STYLE = Automatic;
				CURRENT_PROJECT_VERSION = 1;
				DEVELOPMENT_TEAM = 2BUF3G8WJB;
				GENERATE_INFOPLIST_FILE = YES;
				INFOPLIST_FILE = SimpsonsQuotes/Info.plist;
				INFOPLIST_KEY_UIApplicationSupportsIndirectInputEvents = YES;
				INFOPLIST_KEY_UILaunchStoryboardName = LaunchScreen;
				INFOPLIST_KEY_UIMainStoryboardFile = Main;
				INFOPLIST_KEY_UISupportedInterfaceOrientations_iPad = "UIInterfaceOrientationPortrait UIInterfaceOrientationPortraitUpsideDown UIInterfaceOrientationLandscapeLeft UIInterfaceOrientationLandscapeRight";
				INFOPLIST_KEY_UISupportedInterfaceOrientations_iPhone = "UIInterfaceOrientationPortrait UIInterfaceOrientationLandscapeLeft UIInterfaceOrientationLandscapeRight";
				LD_RUNPATH_SEARCH_PATHS = (
					"$(inherited)",
					"@executable_path/Frameworks",
				);
				MARKETING_VERSION = 1.0;
				PRODUCT_BUNDLE_IDENTIFIER = vishun.SimpsonsQuotes;
				PRODUCT_NAME = "$(TARGET_NAME)";
				SWIFT_EMIT_LOC_STRINGS = YES;
				SWIFT_VERSION = 5.0;
				TARGETED_DEVICE_FAMILY = "1,2";
			};
			name = Debug;
		};
		70A94E122C5E67DA00AD06F1 /* Release */ = {
			isa = XCBuildConfiguration;
			buildSettings = {
				ASSETCATALOG_COMPILER_APPICON_NAME = AppIcon;
				ASSETCATALOG_COMPILER_GLOBAL_ACCENT_COLOR_NAME = AccentColor;
				CODE_SIGN_STYLE = Automatic;
				CURRENT_PROJECT_VERSION = 1;
				DEVELOPMENT_TEAM = 2BUF3G8WJB;
				GENERATE_INFOPLIST_FILE = YES;
				INFOPLIST_FILE = SimpsonsQuotes/Info.plist;
				INFOPLIST_KEY_UIApplicationSupportsIndirectInputEvents = YES;
				INFOPLIST_KEY_UILaunchStoryboardName = LaunchScreen;
				INFOPLIST_KEY_UIMainStoryboardFile = Main;
				INFOPLIST_KEY_UISupportedInterfaceOrientations_iPad = "UIInterfaceOrientationPortrait UIInterfaceOrientationPortraitUpsideDown UIInterfaceOrientationLandscapeLeft UIInterfaceOrientationLandscapeRight";
				INFOPLIST_KEY_UISupportedInterfaceOrientations_iPhone = "UIInterfaceOrientationPortrait UIInterfaceOrientationLandscapeLeft UIInterfaceOrientationLandscapeRight";
				LD_RUNPATH_SEARCH_PATHS = (
					"$(inherited)",
					"@executable_path/Frameworks",
				);
				MARKETING_VERSION = 1.0;
				PRODUCT_BUNDLE_IDENTIFIER = vishun.SimpsonsQuotes;
				PRODUCT_NAME = "$(TARGET_NAME)";
				SWIFT_EMIT_LOC_STRINGS = YES;
				SWIFT_VERSION = 5.0;
				TARGETED_DEVICE_FAMILY = "1,2";
			};
			name = Release;
		};
		70A94E142C5E67DA00AD06F1 /* Debug */ = {
			isa = XCBuildConfiguration;
			buildSettings = {
				ALWAYS_EMBED_SWIFT_STANDARD_LIBRARIES = YES;
				BUNDLE_LOADER = "$(TEST_HOST)";
				CODE_SIGN_STYLE = Automatic;
				CURRENT_PROJECT_VERSION = 1;
				DEVELOPMENT_TEAM = 2BUF3G8WJB;
				GENERATE_INFOPLIST_FILE = YES;
				IPHONEOS_DEPLOYMENT_TARGET = 17.5;
				MARKETING_VERSION = 1.0;
				PRODUCT_BUNDLE_IDENTIFIER = vishun.SimpsonsQuotesTests;
				PRODUCT_NAME = "$(TARGET_NAME)";
				SWIFT_EMIT_LOC_STRINGS = NO;
				SWIFT_VERSION = 5.0;
				TARGETED_DEVICE_FAMILY = "1,2";
				TEST_HOST = "$(BUILT_PRODUCTS_DIR)/SimpsonsQuotes.app/$(BUNDLE_EXECUTABLE_FOLDER_PATH)/SimpsonsQuotes";
			};
			name = Debug;
		};
		70A94E152C5E67DA00AD06F1 /* Release */ = {
			isa = XCBuildConfiguration;
			buildSettings = {
				ALWAYS_EMBED_SWIFT_STANDARD_LIBRARIES = YES;
				BUNDLE_LOADER = "$(TEST_HOST)";
				CODE_SIGN_STYLE = Automatic;
				CURRENT_PROJECT_VERSION = 1;
				DEVELOPMENT_TEAM = 2BUF3G8WJB;
				GENERATE_INFOPLIST_FILE = YES;
				IPHONEOS_DEPLOYMENT_TARGET = 17.5;
				MARKETING_VERSION = 1.0;
				PRODUCT_BUNDLE_IDENTIFIER = vishun.SimpsonsQuotesTests;
				PRODUCT_NAME = "$(TARGET_NAME)";
				SWIFT_EMIT_LOC_STRINGS = NO;
				SWIFT_VERSION = 5.0;
				TARGETED_DEVICE_FAMILY = "1,2";
				TEST_HOST = "$(BUILT_PRODUCTS_DIR)/SimpsonsQuotes.app/$(BUNDLE_EXECUTABLE_FOLDER_PATH)/SimpsonsQuotes";
			};
			name = Release;
		};
		70A94E172C5E67DA00AD06F1 /* Debug */ = {
			isa = XCBuildConfiguration;
			buildSettings = {
				ALWAYS_EMBED_SWIFT_STANDARD_LIBRARIES = YES;
				CODE_SIGN_STYLE = Automatic;
				CURRENT_PROJECT_VERSION = 1;
				DEVELOPMENT_TEAM = 2BUF3G8WJB;
				GENERATE_INFOPLIST_FILE = YES;
				MARKETING_VERSION = 1.0;
				PRODUCT_BUNDLE_IDENTIFIER = vishun.SimpsonsQuotesUITests;
				PRODUCT_NAME = "$(TARGET_NAME)";
				SWIFT_EMIT_LOC_STRINGS = NO;
				SWIFT_VERSION = 5.0;
				TARGETED_DEVICE_FAMILY = "1,2";
				TEST_TARGET_NAME = SimpsonsQuotes;
			};
			name = Debug;
		};
		70A94E182C5E67DA00AD06F1 /* Release */ = {
			isa = XCBuildConfiguration;
			buildSettings = {
				ALWAYS_EMBED_SWIFT_STANDARD_LIBRARIES = YES;
				CODE_SIGN_STYLE = Automatic;
				CURRENT_PROJECT_VERSION = 1;
				DEVELOPMENT_TEAM = 2BUF3G8WJB;
				GENERATE_INFOPLIST_FILE = YES;
				MARKETING_VERSION = 1.0;
				PRODUCT_BUNDLE_IDENTIFIER = vishun.SimpsonsQuotesUITests;
				PRODUCT_NAME = "$(TARGET_NAME)";
				SWIFT_EMIT_LOC_STRINGS = NO;
				SWIFT_VERSION = 5.0;
				TARGETED_DEVICE_FAMILY = "1,2";
				TEST_TARGET_NAME = SimpsonsQuotes;
			};
			name = Release;
		};
/* End XCBuildConfiguration section */

/* Begin XCConfigurationList section */
		70A94DE12C5E67D900AD06F1 /* Build configuration list for PBXProject "SimpsonsQuotes" */ = {
			isa = XCConfigurationList;
			buildConfigurations = (
				70A94E0E2C5E67DA00AD06F1 /* Debug */,
				70A94E0F2C5E67DA00AD06F1 /* Release */,
			);
			defaultConfigurationIsVisible = 0;
			defaultConfigurationName = Release;
		};
		70A94E102C5E67DA00AD06F1 /* Build configuration list for PBXNativeTarget "SimpsonsQuotes" */ = {
			isa = XCConfigurationList;
			buildConfigurations = (
				70A94E112C5E67DA00AD06F1 /* Debug */,
				70A94E122C5E67DA00AD06F1 /* Release */,
			);
			defaultConfigurationIsVisible = 0;
			defaultConfigurationName = Release;
		};
		70A94E132C5E67DA00AD06F1 /* Build configuration list for PBXNativeTarget "SimpsonsQuotesTests" */ = {
			isa = XCConfigurationList;
			buildConfigurations = (
				70A94E142C5E67DA00AD06F1 /* Debug */,
				70A94E152C5E67DA00AD06F1 /* Release */,
			);
			defaultConfigurationIsVisible = 0;
			defaultConfigurationName = Release;
		};
		70A94E162C5E67DA00AD06F1 /* Build configuration list for PBXNativeTarget "SimpsonsQuotesUITests" */ = {
			isa = XCConfigurationList;
			buildConfigurations = (
				70A94E172C5E67DA00AD06F1 /* Debug */,
				70A94E182C5E67DA00AD06F1 /* Release */,
			);
			defaultConfigurationIsVisible = 0;
			defaultConfigurationName = Release;
		};
/* End XCConfigurationList section */
	};
	rootObject = 70A94DDE2C5E67D900AD06F1 /* Project object */;
}
